
Microsoft Visual Studio Solution File, Format Version 12.00
# Visual Studio 15
VisualStudioVersion = 15.0.26124.0
MinimumVisualStudioVersion = 15.0.26124.0
Project("{FAE04EC0-301F-11D3-BF4B-00C04F79EFBC}") = "application", "api.application\application.csproj", "{9A54A960-2721-47F5-A6E6-88FB925A46FD}"
EndProject
Project("{FAE04EC0-301F-11D3-BF4B-00C04F79EFBC}") = "Domain", "Api.Domain\Domain.csproj", "{0D13DE41-8941-4ACF-9D0E-E0A12FCBE1D2}"
EndProject
Project("{FAE04EC0-301F-11D3-BF4B-00C04F79EFBC}") = "CrossCutting", "Api.CrossCutting\CrossCutting.csproj", "{4347FBD1-AC35-4E0C-900C-C4435ECF5525}"
EndProject
Project("{FAE04EC0-301F-11D3-BF4B-00C04F79EFBC}") = "Data", "Api.Data\Data.csproj", "{BEED178E-0C98-483D-8868-C86A1D2E8A5E}"
EndProject
Project("{FAE04EC0-301F-11D3-BF4B-00C04F79EFBC}") = "Service", "Api.Service\Service.csproj", "{58745D7A-8347-4C84-8BF3-C3D21374E6BF}"
EndProject
Project("{FAE04EC0-301F-11D3-BF4B-00C04F79EFBC}") = "Api.Data.Test", "Api.Data.Test\Api.Data.Test.csproj", "{D03FBC27-5004-4357-AAC2-77566BB89315}"
EndProject
Project("{FAE04EC0-301F-11D3-BF4B-00C04F79EFBC}") = "Api.Service.Test", "Api.Service.Test\Api.Service.Test.csproj", "{730DB9F6-327C-4E12-A9F8-E8EFA7478092}"
EndProject
Global
	GlobalSection(SolutionConfigurationPlatforms) = preSolution
		Debug|Any CPU = Debug|Any CPU
		Debug|x64 = Debug|x64
		Debug|x86 = Debug|x86
		Release|Any CPU = Release|Any CPU
		Release|x64 = Release|x64
		Release|x86 = Release|x86
	EndGlobalSection
	GlobalSection(SolutionProperties) = preSolution
		HideSolutionNode = FALSE
	EndGlobalSection
	GlobalSection(ProjectConfigurationPlatforms) = postSolution
		{9A54A960-2721-47F5-A6E6-88FB925A46FD}.Debug|Any CPU.ActiveCfg = Debug|Any CPU
		{9A54A960-2721-47F5-A6E6-88FB925A46FD}.Debug|Any CPU.Build.0 = Debug|Any CPU
		{9A54A960-2721-47F5-A6E6-88FB925A46FD}.Debug|x64.ActiveCfg = Debug|Any CPU
		{9A54A960-2721-47F5-A6E6-88FB925A46FD}.Debug|x64.Build.0 = Debug|Any CPU
		{9A54A960-2721-47F5-A6E6-88FB925A46FD}.Debug|x86.ActiveCfg = Debug|Any CPU
		{9A54A960-2721-47F5-A6E6-88FB925A46FD}.Debug|x86.Build.0 = Debug|Any CPU
		{9A54A960-2721-47F5-A6E6-88FB925A46FD}.Release|Any CPU.ActiveCfg = Release|Any CPU
		{9A54A960-2721-47F5-A6E6-88FB925A46FD}.Release|Any CPU.Build.0 = Release|Any CPU
		{9A54A960-2721-47F5-A6E6-88FB925A46FD}.Release|x64.ActiveCfg = Release|Any CPU
		{9A54A960-2721-47F5-A6E6-88FB925A46FD}.Release|x64.Build.0 = Release|Any CPU
		{9A54A960-2721-47F5-A6E6-88FB925A46FD}.Release|x86.ActiveCfg = Release|Any CPU
		{9A54A960-2721-47F5-A6E6-88FB925A46FD}.Release|x86.Build.0 = Release|Any CPU
		{0D13DE41-8941-4ACF-9D0E-E0A12FCBE1D2}.Debug|Any CPU.ActiveCfg = Debug|Any CPU
		{0D13DE41-8941-4ACF-9D0E-E0A12FCBE1D2}.Debug|Any CPU.Build.0 = Debug|Any CPU
		{0D13DE41-8941-4ACF-9D0E-E0A12FCBE1D2}.Debug|x64.ActiveCfg = Debug|Any CPU
		{0D13DE41-8941-4ACF-9D0E-E0A12FCBE1D2}.Debug|x64.Build.0 = Debug|Any CPU
		{0D13DE41-8941-4ACF-9D0E-E0A12FCBE1D2}.Debug|x86.ActiveCfg = Debug|Any CPU
		{0D13DE41-8941-4ACF-9D0E-E0A12FCBE1D2}.Debug|x86.Build.0 = Debug|Any CPU
		{0D13DE41-8941-4ACF-9D0E-E0A12FCBE1D2}.Release|Any CPU.ActiveCfg = Release|Any CPU
		{0D13DE41-8941-4ACF-9D0E-E0A12FCBE1D2}.Release|Any CPU.Build.0 = Release|Any CPU
		{0D13DE41-8941-4ACF-9D0E-E0A12FCBE1D2}.Release|x64.ActiveCfg = Release|Any CPU
		{0D13DE41-8941-4ACF-9D0E-E0A12FCBE1D2}.Release|x64.Build.0 = Release|Any CPU
		{0D13DE41-8941-4ACF-9D0E-E0A12FCBE1D2}.Release|x86.ActiveCfg = Release|Any CPU
		{0D13DE41-8941-4ACF-9D0E-E0A12FCBE1D2}.Release|x86.Build.0 = Release|Any CPU
		{4347FBD1-AC35-4E0C-900C-C4435ECF5525}.Debug|Any CPU.ActiveCfg = Debug|Any CPU
		{4347FBD1-AC35-4E0C-900C-C4435ECF5525}.Debug|Any CPU.Build.0 = Debug|Any CPU
		{4347FBD1-AC35-4E0C-900C-C4435ECF5525}.Debug|x64.ActiveCfg = Debug|Any CPU
		{4347FBD1-AC35-4E0C-900C-C4435ECF5525}.Debug|x64.Build.0 = Debug|Any CPU
		{4347FBD1-AC35-4E0C-900C-C4435ECF5525}.Debug|x86.ActiveCfg = Debug|Any CPU
		{4347FBD1-AC35-4E0C-900C-C4435ECF5525}.Debug|x86.Build.0 = Debug|Any CPU
		{4347FBD1-AC35-4E0C-900C-C4435ECF5525}.Release|Any CPU.ActiveCfg = Release|Any CPU
		{4347FBD1-AC35-4E0C-900C-C4435ECF5525}.Release|Any CPU.Build.0 = Release|Any CPU
		{4347FBD1-AC35-4E0C-900C-C4435ECF5525}.Release|x64.ActiveCfg = Release|Any CPU
		{4347FBD1-AC35-4E0C-900C-C4435ECF5525}.Release|x64.Build.0 = Release|Any CPU
		{4347FBD1-AC35-4E0C-900C-C4435ECF5525}.Release|x86.ActiveCfg = Release|Any CPU
		{4347FBD1-AC35-4E0C-900C-C4435ECF5525}.Release|x86.Build.0 = Release|Any CPU
		{BEED178E-0C98-483D-8868-C86A1D2E8A5E}.Debug|Any CPU.ActiveCfg = Debug|Any CPU
		{BEED178E-0C98-483D-8868-C86A1D2E8A5E}.Debug|Any CPU.Build.0 = Debug|Any CPU
		{BEED178E-0C98-483D-8868-C86A1D2E8A5E}.Debug|x64.ActiveCfg = Debug|Any CPU
		{BEED178E-0C98-483D-8868-C86A1D2E8A5E}.Debug|x64.Build.0 = Debug|Any CPU
		{BEED178E-0C98-483D-8868-C86A1D2E8A5E}.Debug|x86.ActiveCfg = Debug|Any CPU
		{BEED178E-0C98-483D-8868-C86A1D2E8A5E}.Debug|x86.Build.0 = Debug|Any CPU
		{BEED178E-0C98-483D-8868-C86A1D2E8A5E}.Release|Any CPU.ActiveCfg = Release|Any CPU
		{BEED178E-0C98-483D-8868-C86A1D2E8A5E}.Release|Any CPU.Build.0 = Release|Any CPU
		{BEED178E-0C98-483D-8868-C86A1D2E8A5E}.Release|x64.ActiveCfg = Release|Any CPU
		{BEED178E-0C98-483D-8868-C86A1D2E8A5E}.Release|x64.Build.0 = Release|Any CPU
		{BEED178E-0C98-483D-8868-C86A1D2E8A5E}.Release|x86.ActiveCfg = Release|Any CPU
		{BEED178E-0C98-483D-8868-C86A1D2E8A5E}.Release|x86.Build.0 = Release|Any CPU
		{58745D7A-8347-4C84-8BF3-C3D21374E6BF}.Debug|Any CPU.ActiveCfg = Debug|Any CPU
		{58745D7A-8347-4C84-8BF3-C3D21374E6BF}.Debug|Any CPU.Build.0 = Debug|Any CPU
		{58745D7A-8347-4C84-8BF3-C3D21374E6BF}.Debug|x64.ActiveCfg = Debug|Any CPU
		{58745D7A-8347-4C84-8BF3-C3D21374E6BF}.Debug|x64.Build.0 = Debug|Any CPU
		{58745D7A-8347-4C84-8BF3-C3D21374E6BF}.Debug|x86.ActiveCfg = Debug|Any CPU
		{58745D7A-8347-4C84-8BF3-C3D21374E6BF}.Debug|x86.Build.0 = Debug|Any CPU
		{58745D7A-8347-4C84-8BF3-C3D21374E6BF}.Release|Any CPU.ActiveCfg = Release|Any CPU
		{58745D7A-8347-4C84-8BF3-C3D21374E6BF}.Release|Any CPU.Build.0 = Release|Any CPU
		{58745D7A-8347-4C84-8BF3-C3D21374E6BF}.Release|x64.ActiveCfg = Release|Any CPU
		{58745D7A-8347-4C84-8BF3-C3D21374E6BF}.Release|x64.Build.0 = Release|Any CPU
		{58745D7A-8347-4C84-8BF3-C3D21374E6BF}.Release|x86.ActiveCfg = Release|Any CPU
		{58745D7A-8347-4C84-8BF3-C3D21374E6BF}.Release|x86.Build.0 = Release|Any CPU
		{D03FBC27-5004-4357-AAC2-77566BB89315}.Debug|Any CPU.ActiveCfg = Debug|Any CPU
		{D03FBC27-5004-4357-AAC2-77566BB89315}.Debug|Any CPU.Build.0 = Debug|Any CPU
		{D03FBC27-5004-4357-AAC2-77566BB89315}.Debug|x64.ActiveCfg = Debug|Any CPU
		{D03FBC27-5004-4357-AAC2-77566BB89315}.Debug|x64.Build.0 = Debug|Any CPU
		{D03FBC27-5004-4357-AAC2-77566BB89315}.Debug|x86.ActiveCfg = Debug|Any CPU
		{D03FBC27-5004-4357-AAC2-77566BB89315}.Debug|x86.Build.0 = Debug|Any CPU
		{D03FBC27-5004-4357-AAC2-77566BB89315}.Release|Any CPU.ActiveCfg = Release|Any CPU
		{D03FBC27-5004-4357-AAC2-77566BB89315}.Release|Any CPU.Build.0 = Release|Any CPU
		{D03FBC27-5004-4357-AAC2-77566BB89315}.Release|x64.ActiveCfg = Release|Any CPU
		{D03FBC27-5004-4357-AAC2-77566BB89315}.Release|x64.Build.0 = Release|Any CPU
		{D03FBC27-5004-4357-AAC2-77566BB89315}.Release|x86.ActiveCfg = Release|Any CPU
		{D03FBC27-5004-4357-AAC2-77566BB89315}.Release|x86.Build.0 = Release|Any CPU
		{730DB9F6-327C-4E12-A9F8-E8EFA7478092}.Debug|Any CPU.ActiveCfg = Debug|Any CPU
		{730DB9F6-327C-4E12-A9F8-E8EFA7478092}.Debug|Any CPU.Build.0 = Debug|Any CPU
		{730DB9F6-327C-4E12-A9F8-E8EFA7478092}.Debug|x64.ActiveCfg = Debug|Any CPU
		{730DB9F6-327C-4E12-A9F8-E8EFA7478092}.Debug|x64.Build.0 = Debug|Any CPU
		{730DB9F6-327C-4E12-A9F8-E8EFA7478092}.Debug|x86.ActiveCfg = Debug|Any CPU
		{730DB9F6-327C-4E12-A9F8-E8EFA7478092}.Debug|x86.Build.0 = Debug|Any CPU
		{730DB9F6-327C-4E12-A9F8-E8EFA7478092}.Release|Any CPU.ActiveCfg = Release|Any CPU
		{730DB9F6-327C-4E12-A9F8-E8EFA7478092}.Release|Any CPU.Build.0 = Release|Any CPU
		{730DB9F6-327C-4E12-A9F8-E8EFA7478092}.Release|x64.ActiveCfg = Release|Any CPU
		{730DB9F6-327C-4E12-A9F8-E8EFA7478092}.Release|x64.Build.0 = Release|Any CPU
		{730DB9F6-327C-4E12-A9F8-E8EFA7478092}.Release|x86.ActiveCfg = Release|Any CPU
		{730DB9F6-327C-4E12-A9F8-E8EFA7478092}.Release|x86.Build.0 = Release|Any CPU
	EndGlobalSection
EndGlobal
